// !$*UTF8*$!
{
	archiveVersion = 1;
	classes = {
	};
	objectVersion = 56;
	objects = {

/* Begin PBXBuildFile section */
		D918C4CD2C6AE03700C9CD3B /* TaskSectionView.swift in Sources */ = {isa = PBXBuildFile; fileRef = D918C4CC2C6AE03700C9CD3B /* TaskSectionView.swift */; };
		D9A3ADA82C20C8B4003310F7 /* TaskerApp.swift in Sources */ = {isa = PBXBuildFile; fileRef = D9A3ADA72C20C8B4003310F7 /* TaskerApp.swift */; };
		D9A3ADAC2C20C8B4003310F7 /* ContentView.swift in Sources */ = {isa = PBXBuildFile; fileRef = D9A3ADAB2C20C8B4003310F7 /* ContentView.swift */; };
		D9A3ADAE2C20C8B6003310F7 /* Assets.xcassets in Resources */ = {isa = PBXBuildFile; fileRef = D9A3ADAD2C20C8B6003310F7 /* Assets.xcassets */; };
		D9A3ADB12C20C8B6003310F7 /* Preview Assets.xcassets in Resources */ = {isa = PBXBuildFile; fileRef = D9A3ADB02C20C8B6003310F7 /* Preview Assets.xcassets */; };
		D9A3ADBC2C20C9E3003310F7 /* TaskerTask.swift in Sources */ = {isa = PBXBuildFile; fileRef = D9A3ADBB2C20C9E3003310F7 /* TaskerTask.swift */; };
		D9A3ADBF2C20CDA5003310F7 /* Date.swift in Sources */ = {isa = PBXBuildFile; fileRef = D9A3ADBE2C20CDA5003310F7 /* Date.swift */; };
		D9A3ADC12C20CE18003310F7 /* RepeatFrequency.swift in Sources */ = {isa = PBXBuildFile; fileRef = D9A3ADC02C20CE17003310F7 /* RepeatFrequency.swift */; };
		D9A3ADC32C20CF3E003310F7 /* RepeatConfig.swift in Sources */ = {isa = PBXBuildFile; fileRef = D9A3ADC22C20CF3E003310F7 /* RepeatConfig.swift */; };
		D9A3ADC52C20CF66003310F7 /* RepeatUnit.swift in Sources */ = {isa = PBXBuildFile; fileRef = D9A3ADC42C20CF66003310F7 /* RepeatUnit.swift */; };
		D9A3ADC72C20D02D003310F7 /* DayOfWeek.swift in Sources */ = {isa = PBXBuildFile; fileRef = D9A3ADC62C20D02D003310F7 /* DayOfWeek.swift */; };
		D9A3ADC92C20D2C3003310F7 /* MonthOfYear.swift in Sources */ = {isa = PBXBuildFile; fileRef = D9A3ADC82C20D2C3003310F7 /* MonthOfYear.swift */; };
		D9A3ADCF2C247B3D003310F7 /* ModelContainer.swift in Sources */ = {isa = PBXBuildFile; fileRef = D9A3ADCE2C247B3D003310F7 /* ModelContainer.swift */; };
		D9A3ADD12C248128003310F7 /* ColorOption.swift in Sources */ = {isa = PBXBuildFile; fileRef = D9A3ADD02C248128003310F7 /* ColorOption.swift */; };
		D9A3ADD32C24BBF8003310F7 /* ColorOptionPicker.swift in Sources */ = {isa = PBXBuildFile; fileRef = D9A3ADD22C24BBF8003310F7 /* ColorOptionPicker.swift */; };
		D9A3ADD52C24BC44003310F7 /* ColorOptionTile.swift in Sources */ = {isa = PBXBuildFile; fileRef = D9A3ADD42C24BC44003310F7 /* ColorOptionTile.swift */; };
		D9A3ADD72C24BE58003310F7 /* View.swift in Sources */ = {isa = PBXBuildFile; fileRef = D9A3ADD62C24BE58003310F7 /* View.swift */; };
		D9A3ADD92C24BF3D003310F7 /* Color.swift in Sources */ = {isa = PBXBuildFile; fileRef = D9A3ADD82C24BF3D003310F7 /* Color.swift */; };
		D9A3ADDB2C24C23C003310F7 /* TaskView.swift in Sources */ = {isa = PBXBuildFile; fileRef = D9A3ADDA2C24C23C003310F7 /* TaskView.swift */; };
		D9A3ADDD2C24CBB7003310F7 /* Number.swift in Sources */ = {isa = PBXBuildFile; fileRef = D9A3ADDC2C24CBB7003310F7 /* Number.swift */; };
		D9A3ADDF2C25369F003310F7 /* RepeatField.swift in Sources */ = {isa = PBXBuildFile; fileRef = D9A3ADDE2C25369F003310F7 /* RepeatField.swift */; };
		D9A3ADE12C2537AF003310F7 /* IntegerField.swift in Sources */ = {isa = PBXBuildFile; fileRef = D9A3ADE02C2537AF003310F7 /* IntegerField.swift */; };
		D9A3ADE32C2539D1003310F7 /* TimeInMonthType.swift in Sources */ = {isa = PBXBuildFile; fileRef = D9A3ADE22C2539D1003310F7 /* TimeInMonthType.swift */; };
		D9E0F2B32C487D32008617D4 /* TaskGridView.swift in Sources */ = {isa = PBXBuildFile; fileRef = D9E0F2B22C487D32008617D4 /* TaskGridView.swift */; };
		D9E0F2B52C487FB2008617D4 /* CalendarView.swift in Sources */ = {isa = PBXBuildFile; fileRef = D9E0F2B42C487FB2008617D4 /* CalendarView.swift */; };
		D9E0F2B92C48AFCE008617D4 /* TaskListViewType.swift in Sources */ = {isa = PBXBuildFile; fileRef = D9E0F2B82C48AFCE008617D4 /* TaskListViewType.swift */; };
		D9E0F2BB2C4F1EEF008617D4 /* TaskerConfig.swift in Sources */ = {isa = PBXBuildFile; fileRef = D9E0F2BA2C4F1EEF008617D4 /* TaskerConfig.swift */; };
		D9E0F2BD2C541CF7008617D4 /* TaskStatus.swift in Sources */ = {isa = PBXBuildFile; fileRef = D9E0F2BC2C541CF7008617D4 /* TaskStatus.swift */; };
		D9E0F2BF2C5425B1008617D4 /* TaskStatusButton.swift in Sources */ = {isa = PBXBuildFile; fileRef = D9E0F2BE2C5425B1008617D4 /* TaskStatusButton.swift */; };
/* End PBXBuildFile section */

/* Begin PBXFileReference section */
		D918C4CC2C6AE03700C9CD3B /* TaskSectionView.swift */ = {isa = PBXFileReference; lastKnownFileType = sourcecode.swift; path = TaskSectionView.swift; sourceTree = "<group>"; };
		D9A3ADA42C20C8B4003310F7 /* Tasker.app */ = {isa = PBXFileReference; explicitFileType = wrapper.application; includeInIndex = 0; path = Tasker.app; sourceTree = BUILT_PRODUCTS_DIR; };
		D9A3ADA72C20C8B4003310F7 /* TaskerApp.swift */ = {isa = PBXFileReference; lastKnownFileType = sourcecode.swift; path = TaskerApp.swift; sourceTree = "<group>"; };
		D9A3ADAB2C20C8B4003310F7 /* ContentView.swift */ = {isa = PBXFileReference; lastKnownFileType = sourcecode.swift; path = ContentView.swift; sourceTree = "<group>"; };
		D9A3ADAD2C20C8B6003310F7 /* Assets.xcassets */ = {isa = PBXFileReference; lastKnownFileType = folder.assetcatalog; path = Assets.xcassets; sourceTree = "<group>"; };
		D9A3ADB02C20C8B6003310F7 /* Preview Assets.xcassets */ = {isa = PBXFileReference; lastKnownFileType = folder.assetcatalog; path = "Preview Assets.xcassets"; sourceTree = "<group>"; };
		D9A3ADB22C20C8B6003310F7 /* Info.plist */ = {isa = PBXFileReference; lastKnownFileType = text.plist.xml; path = Info.plist; sourceTree = "<group>"; };
		D9A3ADBB2C20C9E3003310F7 /* TaskerTask.swift */ = {isa = PBXFileReference; lastKnownFileType = sourcecode.swift; path = TaskerTask.swift; sourceTree = "<group>"; };
		D9A3ADBE2C20CDA5003310F7 /* Date.swift */ = {isa = PBXFileReference; lastKnownFileType = sourcecode.swift; path = Date.swift; sourceTree = "<group>"; };
		D9A3ADC02C20CE17003310F7 /* RepeatFrequency.swift */ = {isa = PBXFileReference; lastKnownFileType = sourcecode.swift; path = RepeatFrequency.swift; sourceTree = "<group>"; };
		D9A3ADC22C20CF3E003310F7 /* RepeatConfig.swift */ = {isa = PBXFileReference; lastKnownFileType = sourcecode.swift; path = RepeatConfig.swift; sourceTree = "<group>"; };
		D9A3ADC42C20CF66003310F7 /* RepeatUnit.swift */ = {isa = PBXFileReference; lastKnownFileType = sourcecode.swift; path = RepeatUnit.swift; sourceTree = "<group>"; };
		D9A3ADC62C20D02D003310F7 /* DayOfWeek.swift */ = {isa = PBXFileReference; lastKnownFileType = sourcecode.swift; path = DayOfWeek.swift; sourceTree = "<group>"; };
		D9A3ADC82C20D2C3003310F7 /* MonthOfYear.swift */ = {isa = PBXFileReference; lastKnownFileType = sourcecode.swift; path = MonthOfYear.swift; sourceTree = "<group>"; };
		D9A3ADCE2C247B3D003310F7 /* ModelContainer.swift */ = {isa = PBXFileReference; lastKnownFileType = sourcecode.swift; path = ModelContainer.swift; sourceTree = "<group>"; };
		D9A3ADD02C248128003310F7 /* ColorOption.swift */ = {isa = PBXFileReference; lastKnownFileType = sourcecode.swift; path = ColorOption.swift; sourceTree = "<group>"; };
		D9A3ADD22C24BBF8003310F7 /* ColorOptionPicker.swift */ = {isa = PBXFileReference; lastKnownFileType = sourcecode.swift; path = ColorOptionPicker.swift; sourceTree = "<group>"; };
		D9A3ADD42C24BC44003310F7 /* ColorOptionTile.swift */ = {isa = PBXFileReference; lastKnownFileType = sourcecode.swift; path = ColorOptionTile.swift; sourceTree = "<group>"; };
		D9A3ADD62C24BE58003310F7 /* View.swift */ = {isa = PBXFileReference; lastKnownFileType = sourcecode.swift; path = View.swift; sourceTree = "<group>"; };
		D9A3ADD82C24BF3D003310F7 /* Color.swift */ = {isa = PBXFileReference; lastKnownFileType = sourcecode.swift; path = Color.swift; sourceTree = "<group>"; };
		D9A3ADDA2C24C23C003310F7 /* TaskView.swift */ = {isa = PBXFileReference; lastKnownFileType = sourcecode.swift; path = TaskView.swift; sourceTree = "<group>"; };
		D9A3ADDC2C24CBB7003310F7 /* Number.swift */ = {isa = PBXFileReference; lastKnownFileType = sourcecode.swift; path = Number.swift; sourceTree = "<group>"; };
		D9A3ADDE2C25369F003310F7 /* RepeatField.swift */ = {isa = PBXFileReference; lastKnownFileType = sourcecode.swift; path = RepeatField.swift; sourceTree = "<group>"; };
		D9A3ADE02C2537AF003310F7 /* IntegerField.swift */ = {isa = PBXFileReference; lastKnownFileType = sourcecode.swift; path = IntegerField.swift; sourceTree = "<group>"; };
		D9A3ADE22C2539D1003310F7 /* TimeInMonthType.swift */ = {isa = PBXFileReference; lastKnownFileType = sourcecode.swift; path = TimeInMonthType.swift; sourceTree = "<group>"; };
		D9E0F2B22C487D32008617D4 /* TaskGridView.swift */ = {isa = PBXFileReference; lastKnownFileType = sourcecode.swift; path = TaskGridView.swift; sourceTree = "<group>"; };
		D9E0F2B42C487FB2008617D4 /* CalendarView.swift */ = {isa = PBXFileReference; lastKnownFileType = sourcecode.swift; path = CalendarView.swift; sourceTree = "<group>"; };
		D9E0F2B82C48AFCE008617D4 /* TaskListViewType.swift */ = {isa = PBXFileReference; lastKnownFileType = sourcecode.swift; path = TaskListViewType.swift; sourceTree = "<group>"; };
		D9E0F2BA2C4F1EEF008617D4 /* TaskerConfig.swift */ = {isa = PBXFileReference; lastKnownFileType = sourcecode.swift; path = TaskerConfig.swift; sourceTree = "<group>"; };
		D9E0F2BC2C541CF7008617D4 /* TaskStatus.swift */ = {isa = PBXFileReference; lastKnownFileType = sourcecode.swift; path = TaskStatus.swift; sourceTree = "<group>"; };
		D9E0F2BE2C5425B1008617D4 /* TaskStatusButton.swift */ = {isa = PBXFileReference; lastKnownFileType = sourcecode.swift; path = TaskStatusButton.swift; sourceTree = "<group>"; };
/* End PBXFileReference section */

/* Begin PBXFrameworksBuildPhase section */
		D9A3ADA12C20C8B4003310F7 /* Frameworks */ = {
			isa = PBXFrameworksBuildPhase;
			buildActionMask = 2147483647;
			files = (
			);
			runOnlyForDeploymentPostprocessing = 0;
		};
/* End PBXFrameworksBuildPhase section */

/* Begin PBXGroup section */
		D9A3AD9B2C20C8B4003310F7 = {
			isa = PBXGroup;
			children = (
				D9A3ADA62C20C8B4003310F7 /* Tasker */,
				D9A3ADA52C20C8B4003310F7 /* Products */,
			);
			sourceTree = "<group>";
		};
		D9A3ADA52C20C8B4003310F7 /* Products */ = {
			isa = PBXGroup;
			children = (
				D9A3ADA42C20C8B4003310F7 /* Tasker.app */,
			);
			name = Products;
			sourceTree = "<group>";
		};
		D9A3ADA62C20C8B4003310F7 /* Tasker */ = {
			isa = PBXGroup;
			children = (
				D9A3ADBD2C20CD97003310F7 /* System Extensions */,
				D9A3ADB82C20C9B0003310F7 /* Domain */,
				D9A3ADA72C20C8B4003310F7 /* TaskerApp.swift */,
				D9A3ADE02C2537AF003310F7 /* IntegerField.swift */,
				D9A3ADDA2C24C23C003310F7 /* TaskView.swift */,
				D9A3ADDE2C25369F003310F7 /* RepeatField.swift */,
				D9A3ADD22C24BBF8003310F7 /* ColorOptionPicker.swift */,
				D9A3ADD42C24BC44003310F7 /* ColorOptionTile.swift */,
				D9A3ADAB2C20C8B4003310F7 /* ContentView.swift */,
				D918C4CC2C6AE03700C9CD3B /* TaskSectionView.swift */,
				D9E0F2B42C487FB2008617D4 /* CalendarView.swift */,
				D9A3ADAD2C20C8B6003310F7 /* Assets.xcassets */,
				D9A3ADB22C20C8B6003310F7 /* Info.plist */,
				D9A3ADAF2C20C8B6003310F7 /* Preview Content */,
				D9E0F2B22C487D32008617D4 /* TaskGridView.swift */,
				D9E0F2BE2C5425B1008617D4 /* TaskStatusButton.swift */,
			);
			path = Tasker;
			sourceTree = "<group>";
		};
		D9A3ADAF2C20C8B6003310F7 /* Preview Content */ = {
			isa = PBXGroup;
			children = (
				D9A3ADB02C20C8B6003310F7 /* Preview Assets.xcassets */,
			);
			path = "Preview Content";
			sourceTree = "<group>";
		};
		D9A3ADB82C20C9B0003310F7 /* Domain */ = {
			isa = PBXGroup;
			children = (
				D9A3ADE22C2539D1003310F7 /* TimeInMonthType.swift */,
				D9A3ADBB2C20C9E3003310F7 /* TaskerTask.swift */,
				D9A3ADC02C20CE17003310F7 /* RepeatFrequency.swift */,
				D9A3ADC22C20CF3E003310F7 /* RepeatConfig.swift */,
				D9A3ADC42C20CF66003310F7 /* RepeatUnit.swift */,
				D9A3ADC62C20D02D003310F7 /* DayOfWeek.swift */,
				D9A3ADC82C20D2C3003310F7 /* MonthOfYear.swift */,
				D9A3ADD02C248128003310F7 /* ColorOption.swift */,
				D9E0F2B82C48AFCE008617D4 /* TaskListViewType.swift */,
				D9E0F2BA2C4F1EEF008617D4 /* TaskerConfig.swift */,
				D9E0F2BC2C541CF7008617D4 /* TaskStatus.swift */,
			);
			path = Domain;
			sourceTree = "<group>";
		};
		D9A3ADBD2C20CD97003310F7 /* System Extensions */ = {
			isa = PBXGroup;
			children = (
				D9A3ADBE2C20CDA5003310F7 /* Date.swift */,
				D9A3ADCE2C247B3D003310F7 /* ModelContainer.swift */,
				D9A3ADD62C24BE58003310F7 /* View.swift */,
				D9A3ADD82C24BF3D003310F7 /* Color.swift */,
				D9A3ADDC2C24CBB7003310F7 /* Number.swift */,
			);
			path = "System Extensions";
			sourceTree = "<group>";
		};
/* End PBXGroup section */

/* Begin PBXNativeTarget section */
		D9A3ADA32C20C8B4003310F7 /* Tasker */ = {
			isa = PBXNativeTarget;
			buildConfigurationList = D9A3ADB52C20C8B6003310F7 /* Build configuration list for PBXNativeTarget "Tasker" */;
			buildPhases = (
				D9A3ADA02C20C8B4003310F7 /* Sources */,
				D9A3ADA12C20C8B4003310F7 /* Frameworks */,
				D9A3ADA22C20C8B4003310F7 /* Resources */,
			);
			buildRules = (
			);
			dependencies = (
			);
			name = Tasker;
			productName = Tasker;
			productReference = D9A3ADA42C20C8B4003310F7 /* Tasker.app */;
			productType = "com.apple.product-type.application";
		};
/* End PBXNativeTarget section */

/* Begin PBXProject section */
		D9A3AD9C2C20C8B4003310F7 /* Project object */ = {
			isa = PBXProject;
			attributes = {
				BuildIndependentTargetsInParallel = 1;
				LastSwiftUpdateCheck = 1540;
				LastUpgradeCheck = 1540;
				TargetAttributes = {
					D9A3ADA32C20C8B4003310F7 = {
						CreatedOnToolsVersion = 15.4;
					};
				};
			};
			buildConfigurationList = D9A3AD9F2C20C8B4003310F7 /* Build configuration list for PBXProject "Tasker" */;
			compatibilityVersion = "Xcode 14.0";
			developmentRegion = en;
			hasScannedForEncodings = 0;
			knownRegions = (
				en,
				Base,
			);
			mainGroup = D9A3AD9B2C20C8B4003310F7;
			productRefGroup = D9A3ADA52C20C8B4003310F7 /* Products */;
			projectDirPath = "";
			projectRoot = "";
			targets = (
				D9A3ADA32C20C8B4003310F7 /* Tasker */,
			);
		};
/* End PBXProject section */

/* Begin PBXResourcesBuildPhase section */
		D9A3ADA22C20C8B4003310F7 /* Resources */ = {
			isa = PBXResourcesBuildPhase;
			buildActionMask = 2147483647;
			files = (
				D9A3ADB12C20C8B6003310F7 /* Preview Assets.xcassets in Resources */,
				D9A3ADAE2C20C8B6003310F7 /* Assets.xcassets in Resources */,
			);
			runOnlyForDeploymentPostprocessing = 0;
		};
/* End PBXResourcesBuildPhase section */

/* Begin PBXSourcesBuildPhase section */
		D9A3ADA02C20C8B4003310F7 /* Sources */ = {
			isa = PBXSourcesBuildPhase;
			buildActionMask = 2147483647;
			files = (
				D9A3ADD32C24BBF8003310F7 /* ColorOptionPicker.swift in Sources */,
				D9A3ADC92C20D2C3003310F7 /* MonthOfYear.swift in Sources */,
				D9A3ADCF2C247B3D003310F7 /* ModelContainer.swift in Sources */,
				D9A3ADC72C20D02D003310F7 /* DayOfWeek.swift in Sources */,
				D9A3ADBF2C20CDA5003310F7 /* Date.swift in Sources */,
				D9A3ADDF2C25369F003310F7 /* RepeatField.swift in Sources */,
				D9E0F2B52C487FB2008617D4 /* CalendarView.swift in Sources */,
				D9A3ADE32C2539D1003310F7 /* TimeInMonthType.swift in Sources */,
				D9E0F2B92C48AFCE008617D4 /* TaskListViewType.swift in Sources */,
				D9A3ADC12C20CE18003310F7 /* RepeatFrequency.swift in Sources */,
				D9A3ADD52C24BC44003310F7 /* ColorOptionTile.swift in Sources */,
				D9A3ADDB2C24C23C003310F7 /* TaskView.swift in Sources */,
				D9E0F2BF2C5425B1008617D4 /* TaskStatusButton.swift in Sources */,
				D9A3ADDD2C24CBB7003310F7 /* Number.swift in Sources */,
				D9E0F2BD2C541CF7008617D4 /* TaskStatus.swift in Sources */,
				D9A3ADC52C20CF66003310F7 /* RepeatUnit.swift in Sources */,
				D9E0F2B32C487D32008617D4 /* TaskGridView.swift in Sources */,
				D9A3ADD92C24BF3D003310F7 /* Color.swift in Sources */,
				D9A3ADD12C248128003310F7 /* ColorOption.swift in Sources */,
				D9A3ADC32C20CF3E003310F7 /* RepeatConfig.swift in Sources */,
				D918C4CD2C6AE03700C9CD3B /* TaskSectionView.swift in Sources */,
				D9A3ADBC2C20C9E3003310F7 /* TaskerTask.swift in Sources */,
				D9A3ADA82C20C8B4003310F7 /* TaskerApp.swift in Sources */,
				D9A3ADD72C24BE58003310F7 /* View.swift in Sources */,
				D9E0F2BB2C4F1EEF008617D4 /* TaskerConfig.swift in Sources */,
				D9A3ADAC2C20C8B4003310F7 /* ContentView.swift in Sources */,
				D9A3ADE12C2537AF003310F7 /* IntegerField.swift in Sources */,
			);
			runOnlyForDeploymentPostprocessing = 0;
		};
/* End PBXSourcesBuildPhase section */

/* Begin XCBuildConfiguration section */
		D9A3ADB32C20C8B6003310F7 /* Debug */ = {
			isa = XCBuildConfiguration;
			buildSettings = {
				ALWAYS_SEARCH_USER_PATHS = NO;
				ASSETCATALOG_COMPILER_GENERATE_SWIFT_ASSET_SYMBOL_EXTENSIONS = YES;
				CLANG_ANALYZER_NONNULL = YES;
				CLANG_ANALYZER_NUMBER_OBJECT_CONVERSION = YES_AGGRESSIVE;
				CLANG_CXX_LANGUAGE_STANDARD = "gnu++20";
				CLANG_ENABLE_MODULES = YES;
				CLANG_ENABLE_OBJC_ARC = YES;
				CLANG_ENABLE_OBJC_WEAK = YES;
				CLANG_WARN_BLOCK_CAPTURE_AUTORELEASING = YES;
				CLANG_WARN_BOOL_CONVERSION = YES;
				CLANG_WARN_COMMA = YES;
				CLANG_WARN_CONSTANT_CONVERSION = YES;
				CLANG_WARN_DEPRECATED_OBJC_IMPLEMENTATIONS = YES;
				CLANG_WARN_DIRECT_OBJC_ISA_USAGE = YES_ERROR;
				CLANG_WARN_DOCUMENTATION_COMMENTS = YES;
				CLANG_WARN_EMPTY_BODY = YES;
				CLANG_WARN_ENUM_CONVERSION = YES;
				CLANG_WARN_INFINITE_RECURSION = YES;
				CLANG_WARN_INT_CONVERSION = YES;
				CLANG_WARN_NON_LITERAL_NULL_CONVERSION = YES;
				CLANG_WARN_OBJC_IMPLICIT_RETAIN_SELF = YES;
				CLANG_WARN_OBJC_LITERAL_CONVERSION = YES;
				CLANG_WARN_OBJC_ROOT_CLASS = YES_ERROR;
				CLANG_WARN_QUOTED_INCLUDE_IN_FRAMEWORK_HEADER = YES;
				CLANG_WARN_RANGE_LOOP_ANALYSIS = YES;
				CLANG_WARN_STRICT_PROTOTYPES = YES;
				CLANG_WARN_SUSPICIOUS_MOVE = YES;
				CLANG_WARN_UNGUARDED_AVAILABILITY = YES_AGGRESSIVE;
				CLANG_WARN_UNREACHABLE_CODE = YES;
				CLANG_WARN__DUPLICATE_METHOD_MATCH = YES;
				COPY_PHASE_STRIP = NO;
				DEBUG_INFORMATION_FORMAT = dwarf;
				ENABLE_STRICT_OBJC_MSGSEND = YES;
				ENABLE_TESTABILITY = YES;
				ENABLE_USER_SCRIPT_SANDBOXING = YES;
				GCC_C_LANGUAGE_STANDARD = gnu17;
				GCC_DYNAMIC_NO_PIC = NO;
				GCC_NO_COMMON_BLOCKS = YES;
				GCC_OPTIMIZATION_LEVEL = 0;
				GCC_PREPROCESSOR_DEFINITIONS = (
					"DEBUG=1",
					"$(inherited)",
				);
				GCC_WARN_64_TO_32_BIT_CONVERSION = YES;
				GCC_WARN_ABOUT_RETURN_TYPE = YES_ERROR;
				GCC_WARN_UNDECLARED_SELECTOR = YES;
				GCC_WARN_UNINITIALIZED_AUTOS = YES_AGGRESSIVE;
				GCC_WARN_UNUSED_FUNCTION = YES;
				GCC_WARN_UNUSED_VARIABLE = YES;
				IPHONEOS_DEPLOYMENT_TARGET = 17.5;
				LOCALIZATION_PREFERS_STRING_CATALOGS = YES;
				MTL_ENABLE_DEBUG_INFO = INCLUDE_SOURCE;
				MTL_FAST_MATH = YES;
				ONLY_ACTIVE_ARCH = YES;
				SDKROOT = iphoneos;
				SWIFT_ACTIVE_COMPILATION_CONDITIONS = "DEBUG $(inherited)";
				SWIFT_OPTIMIZATION_LEVEL = "-Onone";
			};
			name = Debug;
		};
		D9A3ADB42C20C8B6003310F7 /* Release */ = {
			isa = XCBuildConfiguration;
			buildSettings = {
				ALWAYS_SEARCH_USER_PATHS = NO;
				ASSETCATALOG_COMPILER_GENERATE_SWIFT_ASSET_SYMBOL_EXTENSIONS = YES;
				CLANG_ANALYZER_NONNULL = YES;
				CLANG_ANALYZER_NUMBER_OBJECT_CONVERSION = YES_AGGRESSIVE;
				CLANG_CXX_LANGUAGE_STANDARD = "gnu++20";
				CLANG_ENABLE_MODULES = YES;
				CLANG_ENABLE_OBJC_ARC = YES;
				CLANG_ENABLE_OBJC_WEAK = YES;
				CLANG_WARN_BLOCK_CAPTURE_AUTORELEASING = YES;
				CLANG_WARN_BOOL_CONVERSION = YES;
				CLANG_WARN_COMMA = YES;
				CLANG_WARN_CONSTANT_CONVERSION = YES;
				CLANG_WARN_DEPRECATED_OBJC_IMPLEMENTATIONS = YES;
				CLANG_WARN_DIRECT_OBJC_ISA_USAGE = YES_ERROR;
				CLANG_WARN_DOCUMENTATION_COMMENTS = YES;
				CLANG_WARN_EMPTY_BODY = YES;
				CLANG_WARN_ENUM_CONVERSION = YES;
				CLANG_WARN_INFINITE_RECURSION = YES;
				CLANG_WARN_INT_CONVERSION = YES;
				CLANG_WARN_NON_LITERAL_NULL_CONVERSION = YES;
				CLANG_WARN_OBJC_IMPLICIT_RETAIN_SELF = YES;
				CLANG_WARN_OBJC_LITERAL_CONVERSION = YES;
				CLANG_WARN_OBJC_ROOT_CLASS = YES_ERROR;
				CLANG_WARN_QUOTED_INCLUDE_IN_FRAMEWORK_HEADER = YES;
				CLANG_WARN_RANGE_LOOP_ANALYSIS = YES;
				CLANG_WARN_STRICT_PROTOTYPES = YES;
				CLANG_WARN_SUSPICIOUS_MOVE = YES;
				CLANG_WARN_UNGUARDED_AVAILABILITY = YES_AGGRESSIVE;
				CLANG_WARN_UNREACHABLE_CODE = YES;
				CLANG_WARN__DUPLICATE_METHOD_MATCH = YES;
				COPY_PHASE_STRIP = NO;
				DEBUG_INFORMATION_FORMAT = "dwarf-with-dsym";
				ENABLE_NS_ASSERTIONS = NO;
				ENABLE_STRICT_OBJC_MSGSEND = YES;
				ENABLE_USER_SCRIPT_SANDBOXING = YES;
				GCC_C_LANGUAGE_STANDARD = gnu17;
				GCC_NO_COMMON_BLOCKS = YES;
				GCC_WARN_64_TO_32_BIT_CONVERSION = YES;
				GCC_WARN_ABOUT_RETURN_TYPE = YES_ERROR;
				GCC_WARN_UNDECLARED_SELECTOR = YES;
				GCC_WARN_UNINITIALIZED_AUTOS = YES_AGGRESSIVE;
				GCC_WARN_UNUSED_FUNCTION = YES;
				GCC_WARN_UNUSED_VARIABLE = YES;
				IPHONEOS_DEPLOYMENT_TARGET = 17.5;
				LOCALIZATION_PREFERS_STRING_CATALOGS = YES;
				MTL_ENABLE_DEBUG_INFO = NO;
				MTL_FAST_MATH = YES;
				SDKROOT = iphoneos;
				SWIFT_COMPILATION_MODE = wholemodule;
				VALIDATE_PRODUCT = YES;
			};
			name = Release;
		};
		D9A3ADB62C20C8B6003310F7 /* Debug */ = {
			isa = XCBuildConfiguration;
			buildSettings = {
				ASSETCATALOG_COMPILER_APPICON_NAME = AppIcon;
				ASSETCATALOG_COMPILER_GLOBAL_ACCENT_COLOR_NAME = AccentColor;
				CODE_SIGN_STYLE = Automatic;
				CURRENT_PROJECT_VERSION = 1;
				DEVELOPMENT_ASSET_PATHS = "\"Tasker/Preview Content\"";
				DEVELOPMENT_TEAM = SJ2JB357J3;
				ENABLE_PREVIEWS = YES;
				GENERATE_INFOPLIST_FILE = YES;
				INFOPLIST_FILE = Tasker/Info.plist;
				INFOPLIST_KEY_UIApplicationSceneManifest_Generation = YES;
				INFOPLIST_KEY_UIApplicationSupportsIndirectInputEvents = YES;
				INFOPLIST_KEY_UILaunchScreen_Generation = YES;
				INFOPLIST_KEY_UISupportedInterfaceOrientations_iPad = "UIInterfaceOrientationPortrait UIInterfaceOrientationPortraitUpsideDown UIInterfaceOrientationLandscapeLeft UIInterfaceOrientationLandscapeRight";
				INFOPLIST_KEY_UISupportedInterfaceOrientations_iPhone = "UIInterfaceOrientationPortrait UIInterfaceOrientationLandscapeLeft UIInterfaceOrientationLandscapeRight";
				INFOPLIST_KEY_UISupportsDocumentBrowser = YES;
				LD_RUNPATH_SEARCH_PATHS = (
					"$(inherited)",
					"@executable_path/Frameworks",
				);
				MARKETING_VERSION = 1.0;
				PRODUCT_BUNDLE_IDENTIFIER = com.sabrinabea.Tasker;
				PRODUCT_NAME = "$(TARGET_NAME)";
				SWIFT_EMIT_LOC_STRINGS = YES;
				SWIFT_VERSION = 5.0;
				TARGETED_DEVICE_FAMILY = "1,2";
			};
			name = Debug;
		};
		D9A3ADB72C20C8B6003310F7 /* Release */ = {
			isa = XCBuildConfiguration;
			buildSettings = {
				ASSETCATALOG_COMPILER_APPICON_NAME = AppIcon;
				ASSETCATALOG_COMPILER_GLOBAL_ACCENT_COLOR_NAME = AccentColor;
				CODE_SIGN_STYLE = Automatic;
				CURRENT_PROJECT_VERSION = 1;
				DEVELOPMENT_ASSET_PATHS = "\"Tasker/Preview Content\"";
				DEVELOPMENT_TEAM = SJ2JB357J3;
				ENABLE_PREVIEWS = YES;
				GENERATE_INFOPLIST_FILE = YES;
				INFOPLIST_FILE = Tasker/Info.plist;
				INFOPLIST_KEY_UIApplicationSceneManifest_Generation = YES;
				INFOPLIST_KEY_UIApplicationSupportsIndirectInputEvents = YES;
				INFOPLIST_KEY_UILaunchScreen_Generation = YES;
				INFOPLIST_KEY_UISupportedInterfaceOrientations_iPad = "UIInterfaceOrientationPortrait UIInterfaceOrientationPortraitUpsideDown UIInterfaceOrientationLandscapeLeft UIInterfaceOrientationLandscapeRight";
				INFOPLIST_KEY_UISupportedInterfaceOrientations_iPhone = "UIInterfaceOrientationPortrait UIInterfaceOrientationLandscapeLeft UIInterfaceOrientationLandscapeRight";
				INFOPLIST_KEY_UISupportsDocumentBrowser = YES;
				LD_RUNPATH_SEARCH_PATHS = (
					"$(inherited)",
					"@executable_path/Frameworks",
				);
				MARKETING_VERSION = 1.0;
				PRODUCT_BUNDLE_IDENTIFIER = com.sabrinabea.Tasker;
				PRODUCT_NAME = "$(TARGET_NAME)";
				SWIFT_EMIT_LOC_STRINGS = YES;
				SWIFT_VERSION = 5.0;
				TARGETED_DEVICE_FAMILY = "1,2";
			};
			name = Release;
		};
/* End XCBuildConfiguration section */

/* Begin XCConfigurationList section */
		D9A3AD9F2C20C8B4003310F7 /* Build configuration list for PBXProject "Tasker" */ = {
			isa = XCConfigurationList;
			buildConfigurations = (
				D9A3ADB32C20C8B6003310F7 /* Debug */,
				D9A3ADB42C20C8B6003310F7 /* Release */,
			);
			defaultConfigurationIsVisible = 0;
			defaultConfigurationName = Release;
		};
		D9A3ADB52C20C8B6003310F7 /* Build configuration list for PBXNativeTarget "Tasker" */ = {
			isa = XCConfigurationList;
			buildConfigurations = (
				D9A3ADB62C20C8B6003310F7 /* Debug */,
				D9A3ADB72C20C8B6003310F7 /* Release */,
			);
			defaultConfigurationIsVisible = 0;
			defaultConfigurationName = Release;
		};
/* End XCConfigurationList section */
	};
	rootObject = D9A3AD9C2C20C8B4003310F7 /* Project object */;
}
